
Microsoft Visual Studio Solution File, Format Version 12.00
# Visual Studio 15
VisualStudioVersion = 15.0.27004.2005
MinimumVisualStudioVersion = 10.0.40219.1
Project("{FAE04EC0-301F-11D3-BF4B-00C04F79EFBC}") = "GeneExpression", "GeneExpression\GeneExpression.csproj", "{54E36148-F688-496E-9DC2-12FC9BFBBC89}"
EndProject
Project("{FAE04EC0-301F-11D3-BF4B-00C04F79EFBC}") = "UnitTests", "UnitTests\UnitTests.csproj", "{ABFA4DFF-8885-4E41-B7C7-354C7295A425}"
EndProject
Project("{FAE04EC0-301F-11D3-BF4B-00C04F79EFBC}") = "SandboxConsoleApp", "SandboxConsoleApp\SandboxConsoleApp.csproj", "{9E8C690C-C1E6-44A8-9B0D-04F44C44C229}"
EndProject
Project("{FAE04EC0-301F-11D3-BF4B-00C04F79EFBC}") = "EvolutionaryAlgorithm", "EvolutionaryAlgorithm\EvolutionaryAlgorithm.csproj", "{686167DE-9BE0-43C8-AE9E-213CF0D8547F}"
EndProject
Project("{FAE04EC0-301F-11D3-BF4B-00C04F79EFBC}") = "Data", "Data\Data.csproj", "{9FA0DB24-090B-43D6-BBAB-A0EFF903AAE2}"
EndProject
Global
	GlobalSection(SolutionConfigurationPlatforms) = preSolution
		Debug|Any CPU = Debug|Any CPU
		Release|Any CPU = Release|Any CPU
	EndGlobalSection
	GlobalSection(ProjectConfigurationPlatforms) = postSolution
		{54E36148-F688-496E-9DC2-12FC9BFBBC89}.Debug|Any CPU.ActiveCfg = Debug|Any CPU
		{54E36148-F688-496E-9DC2-12FC9BFBBC89}.Debug|Any CPU.Build.0 = Debug|Any CPU
		{54E36148-F688-496E-9DC2-12FC9BFBBC89}.Release|Any CPU.ActiveCfg = Release|Any CPU
		{54E36148-F688-496E-9DC2-12FC9BFBBC89}.Release|Any CPU.Build.0 = Release|Any CPU
		{ABFA4DFF-8885-4E41-B7C7-354C7295A425}.Debug|Any CPU.ActiveCfg = Debug|Any CPU
		{ABFA4DFF-8885-4E41-B7C7-354C7295A425}.Debug|Any CPU.Build.0 = Debug|Any CPU
		{ABFA4DFF-8885-4E41-B7C7-354C7295A425}.Release|Any CPU.ActiveCfg = Release|Any CPU
		{ABFA4DFF-8885-4E41-B7C7-354C7295A425}.Release|Any CPU.Build.0 = Release|Any CPU
		{9E8C690C-C1E6-44A8-9B0D-04F44C44C229}.Debug|Any CPU.ActiveCfg = Debug|Any CPU
		{9E8C690C-C1E6-44A8-9B0D-04F44C44C229}.Debug|Any CPU.Build.0 = Debug|Any CPU
		{9E8C690C-C1E6-44A8-9B0D-04F44C44C229}.Release|Any CPU.ActiveCfg = Release|Any CPU
		{9E8C690C-C1E6-44A8-9B0D-04F44C44C229}.Release|Any CPU.Build.0 = Release|Any CPU
		{686167DE-9BE0-43C8-AE9E-213CF0D8547F}.Debug|Any CPU.ActiveCfg = Debug|Any CPU
		{686167DE-9BE0-43C8-AE9E-213CF0D8547F}.Debug|Any CPU.Build.0 = Debug|Any CPU
		{686167DE-9BE0-43C8-AE9E-213CF0D8547F}.Release|Any CPU.ActiveCfg = Release|Any CPU
		{686167DE-9BE0-43C8-AE9E-213CF0D8547F}.Release|Any CPU.Build.0 = Release|Any CPU
		{9FA0DB24-090B-43D6-BBAB-A0EFF903AAE2}.Debug|Any CPU.ActiveCfg = Debug|Any CPU
		{9FA0DB24-090B-43D6-BBAB-A0EFF903AAE2}.Debug|Any CPU.Build.0 = Debug|Any CPU
		{9FA0DB24-090B-43D6-BBAB-A0EFF903AAE2}.Release|Any CPU.ActiveCfg = Release|Any CPU
		{9FA0DB24-090B-43D6-BBAB-A0EFF903AAE2}.Release|Any CPU.Build.0 = Release|Any CPU
	EndGlobalSection
	GlobalSection(SolutionProperties) = preSolution
		HideSolutionNode = FALSE
	EndGlobalSection
	GlobalSection(ExtensibilityGlobals) = postSolution
		SolutionGuid = {3A08213D-F499-4483-9A00-17A40F1D99D4}
	EndGlobalSection
EndGlobal
